
Microsoft Visual Studio Solution File, Format Version 12.00
# Visual Studio Version 17
VisualStudioVersion = 17.6.33829.357
MinimumVisualStudioVersion = 10.0.40219.1
Project("{FAE04EC0-301F-11D3-BF4B-00C04F79EFBC}") = "KTGK", "KTGK\KTGK.csproj", "{F824D746-48C3-4CAF-9413-078388EAF99B}"
EndProject
Global
	GlobalSection(SolutionConfigurationPlatforms) = preSolution
		Debug|Any CPU = Debug|Any CPU
		Release|Any CPU = Release|Any CPU
	EndGlobalSection
	GlobalSection(ProjectConfigurationPlatforms) = postSolution
		{F824D746-48C3-4CAF-9413-078388EAF99B}.Debug|Any CPU.ActiveCfg = Debug|Any CPU
		{F824D746-48C3-4CAF-9413-078388EAF99B}.Debug|Any CPU.Build.0 = Debug|Any CPU
		{F824D746-48C3-4CAF-9413-078388EAF99B}.Release|Any CPU.ActiveCfg = Release|Any CPU
		{F824D746-48C3-4CAF-9413-078388EAF99B}.Release|Any CPU.Build.0 = Release|Any CPU
	EndGlobalSection
	GlobalSection(SolutionProperties) = preSolution
		HideSolutionNode = FALSE
	EndGlobalSection
	GlobalSection(ExtensibilityGlobals) = postSolution
		SolutionGuid = {7435D2A0-2ADC-4A68-BD31-B31E85BB532F}
	EndGlobalSection
EndGlobal
